<?xml version="1.0" encoding="utf-8"?>
<Project ToolsVersion="4.0" xmlns="http://schemas.microsoft.com/developer/msbuild/2003">
  <ItemGroup>
    <ClCompile Include="robot.cpp">
      <Filter>Source Files</Filter>
    </ClCompile>
    <ClCompile Include="Robotiina.cpp">
      <Filter>Source Files</Filter>
    </ClCompile>
    <ClCompile Include="RobotTracker.cpp">
      <Filter>Source Files</Filter>
    </ClCompile>
    <ClCompile Include="autocalibrator.cpp">
      <Filter>VisionModule</Filter>
    </ClCompile>
    <ClCompile Include="BallFinder.cpp">
      <Filter>VisionModule</Filter>
    </ClCompile>
    <ClCompile Include="calibrationconfreader.cpp">
      <Filter>VisionModule</Filter>
    </ClCompile>
    <ClCompile Include="camera.cpp">
      <Filter>VisionModule</Filter>
    </ClCompile>
    <ClCompile Include="coilBoard.cpp">
      <Filter>ComModule</Filter>
    </ClCompile>
    <ClCompile Include="ComPortScanner.cpp">
      <Filter>ComModule</Filter>
    </ClCompile>
    <ClCompile Include="GateFinder.cpp">
      <Filter>VisionModule</Filter>
    </ClCompile>
    <ClCompile Include="kalmanFilter.cpp">
      <Filter>VisionModule</Filter>
    </ClCompile>
    <ClCompile Include="objectfinder.cpp">
      <Filter>VisionModule</Filter>
    </ClCompile>
    <ClCompile Include="wheel.cpp">
      <Filter>ComModule</Filter>
    </ClCompile>
    <ClCompile Include="wheelcontroller.cpp">
      <Filter>ComModule</Filter>
    </ClCompile>
    <ClCompile Include="NewAutoPilot.cpp">
      <Filter>LogicModule</Filter>
    </ClCompile>
    <ClCompile Include="remotecontrol.cpp">
      <Filter>ComModule</Filter>
    </ClCompile>
    <ClCompile Include="VideoRecorder.cpp">
      <Filter>VisionModule</Filter>
    </ClCompile>
    <ClCompile Include="ConfigurableModule.cpp">
      <Filter>Source Files</Filter>
    </ClCompile>
    <ClCompile Include="FrontCameraVision.cpp">
      <Filter>VisionModule</Filter>
    </ClCompile>
    <ClCompile Include="ManualControl.cpp">
      <Filter>LogicModule</Filter>
    </ClCompile>
    <ClCompile Include="colorcalibrator.cpp">
      <Filter>VisionModule</Filter>
    </ClCompile>
    <ClCompile Include="ComModule.cpp">
      <Filter>ComModule</Filter>
    </ClCompile>
    <ClCompile Include="SoccerField.cpp">
      <Filter>Source Files</Filter>
    </ClCompile>
    <ClCompile Include="MouseVision.cpp">
      <Filter>Source Files</Filter>
    </ClCompile>
    <ClCompile Include="BallPosition.cpp">
      <Filter>Source Files</Filter>
    </ClCompile>
    <ClCompile Include="ObjectPosition.cpp">
      <Filter>Source Files</Filter>
    </ClCompile>
    <ClCompile Include="FieldState.cpp">
      <Filter>Source Files</Filter>
    </ClCompile>
    <ClCompile Include="ThreadedClass.cpp">
      <Filter>Source Files</Filter>
    </ClCompile>
    <ClCompile Include="DistanceCalibrator.cpp">
      <Filter>VisionModule</Filter>
    </ClCompile>
    <ClCompile Include="GatePosition.cpp">
      <Filter>Source Files</Filter>
    </ClCompile>
    <ClCompile Include="RobotPosition.cpp">
      <Filter>Source Files</Filter>
    </ClCompile>
    <ClCompile Include="DistanceCalculator.cpp">
      <Filter>VisionModule</Filter>
    </ClCompile>
    <ClCompile Include="ImageThresholder.cpp">
      <Filter>ImageThresholders</Filter>
    </ClCompile>
    <ClCompile Include="dialog.cpp">
      <Filter>UI</Filter>
    </ClCompile>
    <ClCompile Include="WebUI.cpp">
      <Filter>UI</Filter>
    </ClCompile>
    <ClCompile Include="kdNode2D.cpp">
      <Filter>Source Files</Filter>
    </ClCompile>
    <ClCompile Include="Simulator.cpp">
      <Filter>Simulator</Filter>
    </ClCompile>
  </ItemGroup>
  <ItemGroup>
    <ClInclude Include="robot.h">
      <Filter>Header Files</Filter>
    </ClInclude>
    <ClInclude Include="types.h">
      <Filter>Header Files</Filter>
    </ClInclude>
    <ClInclude Include="RobotTracker.h">
      <Filter>Header Files</Filter>
    </ClInclude>
    <ClInclude Include="ThreadedClass.h">
      <Filter>Header Files</Filter>
    </ClInclude>
    <ClInclude Include="wheelcontroller.h">
      <Filter>ComModule</Filter>
    </ClInclude>
    <ClInclude Include="wheel.h">
      <Filter>ComModule</Filter>
    </ClInclude>
    <ClInclude Include="simpleserial.h">
      <Filter>ComModule</Filter>
    </ClInclude>
    <ClInclude Include="objectfinder.h">
      <Filter>VisionModule</Filter>
    </ClInclude>
    <ClInclude Include="GateFinder.h">
      <Filter>VisionModule</Filter>
    </ClInclude>
    <ClInclude Include="ComPortScanner.h">
      <Filter>ComModule</Filter>
    </ClInclude>
    <ClInclude Include="colorcalibrator.h">
      <Filter>VisionModule</Filter>
    </ClInclude>
    <ClInclude Include="coilBoard.h">
      <Filter>ComModule</Filter>
    </ClInclude>
    <ClInclude Include="camera.h">
      <Filter>VisionModule</Filter>
    </ClInclude>
    <ClInclude Include="calibrationconfreader.h">
      <Filter>VisionModule</Filter>
    </ClInclude>
    <ClInclude Include="blockingreader.h">
      <Filter>ComModule</Filter>
    </ClInclude>
    <ClInclude Include="NewAutoPilot.h">
      <Filter>LogicModule</Filter>
    </ClInclude>
    <ClInclude Include="BallFinder.h">
      <Filter>VisionModule</Filter>
    </ClInclude>
    <ClInclude Include="autocalibrator.h">
      <Filter>VisionModule</Filter>
    </ClInclude>
    <ClInclude Include="kalmanFilter.h">
      <Filter>VisionModule</Filter>
    </ClInclude>
    <ClInclude Include="remotecontrol.h">
      <Filter>ComModule</Filter>
    </ClInclude>
    <ClInclude Include="VideoRecorder.h">
      <Filter>VisionModule</Filter>
    </ClInclude>
    <ClInclude Include="ConfigurableModule.h">
      <Filter>Header Files</Filter>
    </ClInclude>
    <ClInclude Include="FrontCameraVision.h">
      <Filter>VisionModule</Filter>
    </ClInclude>
    <ClInclude Include="ManualControl.h">
      <Filter>LogicModule</Filter>
    </ClInclude>
    <ClInclude Include="ComModule.h">
      <Filter>ComModule</Filter>
    </ClInclude>
    <ClInclude Include="SoccerField.h">
      <Filter>Header Files</Filter>
    </ClInclude>
    <ClInclude Include="MouseVision.h">
      <Filter>Header Files</Filter>
    </ClInclude>
    <ClInclude Include="ObjectPosition.h">
      <Filter>Header Files</Filter>
    </ClInclude>
    <ClInclude Include="BallPosition.h">
      <Filter>Header Files</Filter>
    </ClInclude>
    <ClInclude Include="FieldState.h">
      <Filter>Header Files</Filter>
    </ClInclude>
    <ClInclude Include="DistanceCalibrator.h">
      <Filter>Header Files</Filter>
    </ClInclude>
    <ClInclude Include="GatePosition.h">
      <Filter>Header Files</Filter>
    </ClInclude>
    <ClInclude Include="RobotPosition.h">
      <Filter>Header Files</Filter>
    </ClInclude>
    <ClInclude Include="DistanceCalculator.h">
      <Filter>VisionModule</Filter>
    </ClInclude>
    <ClInclude Include="SimpleImageThresholder.h">
      <Filter>ImageThresholders</Filter>
    </ClInclude>
    <ClInclude Include="ThreadedImageThresholder.h">
      <Filter>ImageThresholders</Filter>
    </ClInclude>
    <ClInclude Include="ParallelImageThresholder.h">
      <Filter>ImageThresholders</Filter>
    </ClInclude>
    <ClInclude Include="ImageThresholder.h">
      <Filter>ImageThresholders</Filter>
    </ClInclude>
    <ClInclude Include="TBBImageThresholder.h">
      <Filter>ImageThresholders</Filter>
    </ClInclude>
    <ClInclude Include="Simple-WebSocket-Server\server_ws.hpp">
      <Filter>Websocket</Filter>
    </ClInclude>
    <ClInclude Include="dialog.h">
      <Filter>UI</Filter>
    </ClInclude>
    <ClInclude Include="WebUI.h">
      <Filter>UI</Filter>
    </ClInclude>
    <ClInclude Include="kdNode2D.h">
      <Filter>Header Files</Filter>
    </ClInclude>
    <ClInclude Include="Simulator.h">
      <Filter>Simulator</Filter>
    </ClInclude>
  </ItemGroup>
  <ItemGroup>
    <Text Include="ReadMe.txt" />
  </ItemGroup>
  <ItemGroup>
    <Filter Include="Header Files">
      <UniqueIdentifier>{df21dfdf-4d8b-41b5-bc20-ddd1238a251c}</UniqueIdentifier>
      <Extensions>h;hh;hpp;hxx;hm;inl;inc;xsd</Extensions>
    </Filter>
    <Filter Include="Source Files">
      <UniqueIdentifier>{6343fadd-087a-4ea1-9584-7918e04eebcd}</UniqueIdentifier>
      <Extensions>cpp;c;cc;cxx;def;odl;idl;hpj;bat;asm;asmx</Extensions>
    </Filter>
    <Filter Include="VisionModule">
      <UniqueIdentifier>{72279558-0892-41c7-bff6-1323fa57f4e0}</UniqueIdentifier>
    </Filter>
    <Filter Include="LogicModule">
      <UniqueIdentifier>{f20e3aaa-c87e-4aec-aa01-c6f335bf8c9f}</UniqueIdentifier>
    </Filter>
    <Filter Include="ComModule">
      <UniqueIdentifier>{3a5a7f6d-3c34-4499-bc65-5878a73f7087}</UniqueIdentifier>
    </Filter>
    <Filter Include="ImageThresholders">
      <UniqueIdentifier>{fe018a00-0133-4b69-b118-7f70139aed08}</UniqueIdentifier>
    </Filter>
    <Filter Include="Websocket">
      <UniqueIdentifier>{708bd84b-5023-4ff9-8df6-eaf8667dafb4}</UniqueIdentifier>
    </Filter>
    <Filter Include="UI">
      <UniqueIdentifier>{d105cd53-385f-429f-9e56-c22559116700}</UniqueIdentifier>
    </Filter>
    <Filter Include="Simulator">
      <UniqueIdentifier>{ae1a70fa-494e-44cc-a86d-057b65349061}</UniqueIdentifier>
    </Filter>
  </ItemGroup>
</Project>